
Microsoft Visual Studio Solution File, Format Version 12.00
# Visual Studio Version 17
VisualStudioVersion = 17.12.35506.116
MinimumVisualStudioVersion = 10.0.40219.1
Project("{2150E333-8FDC-42A3-9474-1A3956D46DE8}") = "Shop", "Shop", "{1E2D97D5-090D-4531-AE90-2DBBD756DE8D}"
EndProject
Project("{FAE04EC0-301F-11D3-BF4B-00C04F79EFBC}") = "Shop.Domain", "Shop\Shop.Domain\Shop.Domain.csproj", "{6F9DAC8B-2233-43CC-B4EC-C6B79BF71BC9}"
EndProject
Project("{FAE04EC0-301F-11D3-BF4B-00C04F79EFBC}") = "Shop.Application", "Shop\Shop.Application\Shop.Application.csproj", "{15C1997D-855D-407B-9869-1752F1B1702B}"
EndProject
Project("{FAE04EC0-301F-11D3-BF4B-00C04F79EFBC}") = "Shop.Infrastructure", "Shop\Shop.Infrastructure\Shop.Infrastructure.csproj", "{78D76DFC-95D9-466E-95A7-784918D6E952}"
EndProject
Project("{FAE04EC0-301F-11D3-BF4B-00C04F79EFBC}") = "Shop.Query", "Shop\Shop.Query\Shop.Query.csproj", "{728C71C0-C5B6-45CE-98C2-AF8C1A3D9BD3}"
EndProject
Project("{FAE04EC0-301F-11D3-BF4B-00C04F79EFBC}") = "Shop.Presentation.Facade", "Shop\Shop.Presentation.Facade\Shop.Presentation.Facade.csproj", "{6D9F7DB7-3E7E-4924-815E-DEF28841788D}"
EndProject
Project("{2150E333-8FDC-42A3-9474-1A3956D46DE8}") = "Common", "Common", "{707DBE4A-1B30-4A03-ABAB-4AC3263DC3E5}"
EndProject
Project("{FAE04EC0-301F-11D3-BF4B-00C04F79EFBC}") = "Common.Domain", "Common\Common.Domain\Common.Domain.csproj", "{2D3081B4-9213-4B30-B689-9CA7BC1DE652}"
EndProject
Project("{FAE04EC0-301F-11D3-BF4B-00C04F79EFBC}") = "Common.Application", "Common\Common.Application\Common.Application.csproj", "{70E47539-ACFF-4449-A645-5A8A1562B1CC}"
EndProject
Project("{FAE04EC0-301F-11D3-BF4B-00C04F79EFBC}") = "Common.Query", "Common\Common.Query\Common.Query.csproj", "{B55FB47C-36AA-4CE7-8408-B3C733E80613}"
EndProject
Project("{2150E333-8FDC-42A3-9474-1A3956D46DE8}") = "EndPoints", "EndPoints", "{C0C8C034-24F6-4E1E-B19D-0A147D78B353}"
EndProject
Project("{FAE04EC0-301F-11D3-BF4B-00C04F79EFBC}") = "Shop.Api", "Shop\EndPoints\Shop.Api\Shop.Api.csproj", "{AD5CC05B-C5BF-43C8-8327-29B97AF82D06}"
EndProject
Project("{FAE04EC0-301F-11D3-BF4B-00C04F79EFBC}") = "Shop.Config", "Shop\Shop.Config\Shop.Config.csproj", "{69E27F38-1C03-4B6E-9AD0-1580BB81CC09}"
EndProject
Project("{FAE04EC0-301F-11D3-BF4B-00C04F79EFBC}") = "Common.AspNetCore", "Common\Common.AspNetCore\Common.AspNetCore.csproj", "{B4C1EC48-BD01-4F8A-ADF9-DBB5D376B0D4}"
EndProject
Global
	GlobalSection(SolutionConfigurationPlatforms) = preSolution
		Debug|Any CPU = Debug|Any CPU
		Release|Any CPU = Release|Any CPU
	EndGlobalSection
	GlobalSection(ProjectConfigurationPlatforms) = postSolution
		{6F9DAC8B-2233-43CC-B4EC-C6B79BF71BC9}.Debug|Any CPU.ActiveCfg = Debug|Any CPU
		{6F9DAC8B-2233-43CC-B4EC-C6B79BF71BC9}.Debug|Any CPU.Build.0 = Debug|Any CPU
		{6F9DAC8B-2233-43CC-B4EC-C6B79BF71BC9}.Release|Any CPU.ActiveCfg = Release|Any CPU
		{6F9DAC8B-2233-43CC-B4EC-C6B79BF71BC9}.Release|Any CPU.Build.0 = Release|Any CPU
		{15C1997D-855D-407B-9869-1752F1B1702B}.Debug|Any CPU.ActiveCfg = Debug|Any CPU
		{15C1997D-855D-407B-9869-1752F1B1702B}.Debug|Any CPU.Build.0 = Debug|Any CPU
		{15C1997D-855D-407B-9869-1752F1B1702B}.Release|Any CPU.ActiveCfg = Release|Any CPU
		{15C1997D-855D-407B-9869-1752F1B1702B}.Release|Any CPU.Build.0 = Release|Any CPU
		{78D76DFC-95D9-466E-95A7-784918D6E952}.Debug|Any CPU.ActiveCfg = Debug|Any CPU
		{78D76DFC-95D9-466E-95A7-784918D6E952}.Debug|Any CPU.Build.0 = Debug|Any CPU
		{78D76DFC-95D9-466E-95A7-784918D6E952}.Release|Any CPU.ActiveCfg = Release|Any CPU
		{78D76DFC-95D9-466E-95A7-784918D6E952}.Release|Any CPU.Build.0 = Release|Any CPU
		{728C71C0-C5B6-45CE-98C2-AF8C1A3D9BD3}.Debug|Any CPU.ActiveCfg = Debug|Any CPU
		{728C71C0-C5B6-45CE-98C2-AF8C1A3D9BD3}.Debug|Any CPU.Build.0 = Debug|Any CPU
		{728C71C0-C5B6-45CE-98C2-AF8C1A3D9BD3}.Release|Any CPU.ActiveCfg = Release|Any CPU
		{728C71C0-C5B6-45CE-98C2-AF8C1A3D9BD3}.Release|Any CPU.Build.0 = Release|Any CPU
		{6D9F7DB7-3E7E-4924-815E-DEF28841788D}.Debug|Any CPU.ActiveCfg = Debug|Any CPU
		{6D9F7DB7-3E7E-4924-815E-DEF28841788D}.Debug|Any CPU.Build.0 = Debug|Any CPU
		{6D9F7DB7-3E7E-4924-815E-DEF28841788D}.Release|Any CPU.ActiveCfg = Release|Any CPU
		{6D9F7DB7-3E7E-4924-815E-DEF28841788D}.Release|Any CPU.Build.0 = Release|Any CPU
		{2D3081B4-9213-4B30-B689-9CA7BC1DE652}.Debug|Any CPU.ActiveCfg = Debug|Any CPU
		{2D3081B4-9213-4B30-B689-9CA7BC1DE652}.Debug|Any CPU.Build.0 = Debug|Any CPU
		{2D3081B4-9213-4B30-B689-9CA7BC1DE652}.Release|Any CPU.ActiveCfg = Release|Any CPU
		{2D3081B4-9213-4B30-B689-9CA7BC1DE652}.Release|Any CPU.Build.0 = Release|Any CPU
		{70E47539-ACFF-4449-A645-5A8A1562B1CC}.Debug|Any CPU.ActiveCfg = Debug|Any CPU
		{70E47539-ACFF-4449-A645-5A8A1562B1CC}.Debug|Any CPU.Build.0 = Debug|Any CPU
		{70E47539-ACFF-4449-A645-5A8A1562B1CC}.Release|Any CPU.ActiveCfg = Release|Any CPU
		{70E47539-ACFF-4449-A645-5A8A1562B1CC}.Release|Any CPU.Build.0 = Release|Any CPU
		{B55FB47C-36AA-4CE7-8408-B3C733E80613}.Debug|Any CPU.ActiveCfg = Debug|Any CPU
		{B55FB47C-36AA-4CE7-8408-B3C733E80613}.Debug|Any CPU.Build.0 = Debug|Any CPU
		{B55FB47C-36AA-4CE7-8408-B3C733E80613}.Release|Any CPU.ActiveCfg = Release|Any CPU
		{B55FB47C-36AA-4CE7-8408-B3C733E80613}.Release|Any CPU.Build.0 = Release|Any CPU
		{AD5CC05B-C5BF-43C8-8327-29B97AF82D06}.Debug|Any CPU.ActiveCfg = Debug|Any CPU
		{AD5CC05B-C5BF-43C8-8327-29B97AF82D06}.Debug|Any CPU.Build.0 = Debug|Any CPU
		{AD5CC05B-C5BF-43C8-8327-29B97AF82D06}.Release|Any CPU.ActiveCfg = Release|Any CPU
		{AD5CC05B-C5BF-43C8-8327-29B97AF82D06}.Release|Any CPU.Build.0 = Release|Any CPU
		{69E27F38-1C03-4B6E-9AD0-1580BB81CC09}.Debug|Any CPU.ActiveCfg = Debug|Any CPU
		{69E27F38-1C03-4B6E-9AD0-1580BB81CC09}.Debug|Any CPU.Build.0 = Debug|Any CPU
		{69E27F38-1C03-4B6E-9AD0-1580BB81CC09}.Release|Any CPU.ActiveCfg = Release|Any CPU
		{69E27F38-1C03-4B6E-9AD0-1580BB81CC09}.Release|Any CPU.Build.0 = Release|Any CPU
		{B4C1EC48-BD01-4F8A-ADF9-DBB5D376B0D4}.Debug|Any CPU.ActiveCfg = Debug|Any CPU
		{B4C1EC48-BD01-4F8A-ADF9-DBB5D376B0D4}.Debug|Any CPU.Build.0 = Debug|Any CPU
		{B4C1EC48-BD01-4F8A-ADF9-DBB5D376B0D4}.Release|Any CPU.ActiveCfg = Release|Any CPU
		{B4C1EC48-BD01-4F8A-ADF9-DBB5D376B0D4}.Release|Any CPU.Build.0 = Release|Any CPU
	EndGlobalSection
	GlobalSection(SolutionProperties) = preSolution
		HideSolutionNode = FALSE
	EndGlobalSection
	GlobalSection(NestedProjects) = preSolution
		{6F9DAC8B-2233-43CC-B4EC-C6B79BF71BC9} = {1E2D97D5-090D-4531-AE90-2DBBD756DE8D}
		{15C1997D-855D-407B-9869-1752F1B1702B} = {1E2D97D5-090D-4531-AE90-2DBBD756DE8D}
		{78D76DFC-95D9-466E-95A7-784918D6E952} = {1E2D97D5-090D-4531-AE90-2DBBD756DE8D}
		{728C71C0-C5B6-45CE-98C2-AF8C1A3D9BD3} = {1E2D97D5-090D-4531-AE90-2DBBD756DE8D}
		{6D9F7DB7-3E7E-4924-815E-DEF28841788D} = {1E2D97D5-090D-4531-AE90-2DBBD756DE8D}
		{2D3081B4-9213-4B30-B689-9CA7BC1DE652} = {707DBE4A-1B30-4A03-ABAB-4AC3263DC3E5}
		{70E47539-ACFF-4449-A645-5A8A1562B1CC} = {707DBE4A-1B30-4A03-ABAB-4AC3263DC3E5}
		{B55FB47C-36AA-4CE7-8408-B3C733E80613} = {707DBE4A-1B30-4A03-ABAB-4AC3263DC3E5}
		{C0C8C034-24F6-4E1E-B19D-0A147D78B353} = {1E2D97D5-090D-4531-AE90-2DBBD756DE8D}
		{AD5CC05B-C5BF-43C8-8327-29B97AF82D06} = {C0C8C034-24F6-4E1E-B19D-0A147D78B353}
		{69E27F38-1C03-4B6E-9AD0-1580BB81CC09} = {1E2D97D5-090D-4531-AE90-2DBBD756DE8D}
		{B4C1EC48-BD01-4F8A-ADF9-DBB5D376B0D4} = {707DBE4A-1B30-4A03-ABAB-4AC3263DC3E5}
	EndGlobalSection
EndGlobal
